
Microsoft Visual Studio Solution File, Format Version 12.00
# Visual Studio 14
VisualStudioVersion = 14.0.25420.1
MinimumVisualStudioVersion = 10.0.40219.1
Project("{8BC9CEB8-8B4A-11D0-8D11-00A0C91BC942}") = "openholo", "openholo\openholo.vcxproj", "{F87DA845-513D-4F3B-9F72-16BB2C18A782}"
EndProject
Project("{8BC9CEB8-8B4A-11D0-8D11-00A0C91BC942}") = "ophrec", "ophrec\ophrec.vcxproj", "{D0F04385-3806-46B2-93C2-26ECED076074}"
	ProjectSection(ProjectDependencies) = postProject
		{F87DA845-513D-4F3B-9F72-16BB2C18A782} = {F87DA845-513D-4F3B-9F72-16BB2C18A782}
	EndProjectSection
EndProject
Project("{8BC9CEB8-8B4A-11D0-8D11-00A0C91BC942}") = "ophsig", "ophsig\ophsig.vcxproj", "{37973A95-102B-491C-BE36-F9203D2B6EDA}"
	ProjectSection(ProjectDependencies) = postProject
		{F87DA845-513D-4F3B-9F72-16BB2C18A782} = {F87DA845-513D-4F3B-9F72-16BB2C18A782}
	EndProjectSection
EndProject
Project("{8BC9CEB8-8B4A-11D0-8D11-00A0C91BC942}") = "ophgen", "ophgen\ophgen.vcxproj", "{272C3F0A-E929-4A98-8307-D9D01D5DA1F2}"
	ProjectSection(ProjectDependencies) = postProject
		{F87DA845-513D-4F3B-9F72-16BB2C18A782} = {F87DA845-513D-4F3B-9F72-16BB2C18A782}
	EndProjectSection
EndProject
Global
	GlobalSection(SolutionConfigurationPlatforms) = preSolution
		Debug|Win32 = Debug|Win32
		Debug|x64 = Debug|x64
		Release|Win32 = Release|Win32
		Release|x64 = Release|x64
	EndGlobalSection
	GlobalSection(ProjectConfigurationPlatforms) = postSolution
		{F87DA845-513D-4F3B-9F72-16BB2C18A782}.Debug|Win32.ActiveCfg = Debug|Win32
		{F87DA845-513D-4F3B-9F72-16BB2C18A782}.Debug|Win32.Build.0 = Debug|Win32
		{F87DA845-513D-4F3B-9F72-16BB2C18A782}.Debug|x64.ActiveCfg = Debug|x64
		{F87DA845-513D-4F3B-9F72-16BB2C18A782}.Debug|x64.Build.0 = Debug|x64
		{F87DA845-513D-4F3B-9F72-16BB2C18A782}.Release|Win32.ActiveCfg = Release|Win32
		{F87DA845-513D-4F3B-9F72-16BB2C18A782}.Release|Win32.Build.0 = Release|Win32
		{F87DA845-513D-4F3B-9F72-16BB2C18A782}.Release|x64.ActiveCfg = Release|x64
		{F87DA845-513D-4F3B-9F72-16BB2C18A782}.Release|x64.Build.0 = Release|x64
		{D0F04385-3806-46B2-93C2-26ECED076074}.Debug|Win32.ActiveCfg = Debug|Win32
		{D0F04385-3806-46B2-93C2-26ECED076074}.Debug|Win32.Build.0 = Debug|Win32
		{D0F04385-3806-46B2-93C2-26ECED076074}.Debug|x64.ActiveCfg = Debug|x64
		{D0F04385-3806-46B2-93C2-26ECED076074}.Debug|x64.Build.0 = Debug|x64
		{D0F04385-3806-46B2-93C2-26ECED076074}.Release|Win32.ActiveCfg = Release|Win32
		{D0F04385-3806-46B2-93C2-26ECED076074}.Release|Win32.Build.0 = Release|Win32
		{D0F04385-3806-46B2-93C2-26ECED076074}.Release|x64.ActiveCfg = Release|x64
		{D0F04385-3806-46B2-93C2-26ECED076074}.Release|x64.Build.0 = Release|x64
		{37973A95-102B-491C-BE36-F9203D2B6EDA}.Debug|Win32.ActiveCfg = Debug|Win32
		{37973A95-102B-491C-BE36-F9203D2B6EDA}.Debug|Win32.Build.0 = Debug|Win32
		{37973A95-102B-491C-BE36-F9203D2B6EDA}.Debug|x64.ActiveCfg = Debug|x64
		{37973A95-102B-491C-BE36-F9203D2B6EDA}.Debug|x64.Build.0 = Debug|x64
		{37973A95-102B-491C-BE36-F9203D2B6EDA}.Release|Win32.ActiveCfg = Release|Win32
		{37973A95-102B-491C-BE36-F9203D2B6EDA}.Release|Win32.Build.0 = Release|Win32
		{37973A95-102B-491C-BE36-F9203D2B6EDA}.Release|x64.ActiveCfg = Release|x64
		{37973A95-102B-491C-BE36-F9203D2B6EDA}.Release|x64.Build.0 = Release|x64
		{272C3F0A-E929-4A98-8307-D9D01D5DA1F2}.Debug|Win32.ActiveCfg = Debug|Win32
		{272C3F0A-E929-4A98-8307-D9D01D5DA1F2}.Debug|Win32.Build.0 = Debug|Win32
		{272C3F0A-E929-4A98-8307-D9D01D5DA1F2}.Debug|x64.ActiveCfg = Debug|x64
		{272C3F0A-E929-4A98-8307-D9D01D5DA1F2}.Debug|x64.Build.0 = Debug|x64
		{272C3F0A-E929-4A98-8307-D9D01D5DA1F2}.Release|Win32.ActiveCfg = Release|Win32
		{272C3F0A-E929-4A98-8307-D9D01D5DA1F2}.Release|Win32.Build.0 = Release|Win32
		{272C3F0A-E929-4A98-8307-D9D01D5DA1F2}.Release|x64.ActiveCfg = Release|x64
		{272C3F0A-E929-4A98-8307-D9D01D5DA1F2}.Release|x64.Build.0 = Release|x64
	EndGlobalSection
	GlobalSection(SolutionProperties) = preSolution
		HideSolutionNode = FALSE
	EndGlobalSection
	GlobalSection(ExtensibilityGlobals) = postSolution
		SolutionGuid = {A963A6B4-A23B-4B78-9CFF-98A24ED7F698}
	EndGlobalSection
EndGlobal
