<?xml version="1.0" encoding="utf-8"?>
<Project ToolsVersion="4.0" xmlns="http://schemas.microsoft.com/developer/msbuild/2003">
  <ItemGroup>
    <Filter Include="_1_Transform">
      <UniqueIdentifier>{a9b070ac-9512-4501-a651-435446a50a95}</UniqueIdentifier>
    </Filter>
    <Filter Include="_2_Hologram Signal Processing">
      <UniqueIdentifier>{10f8f26b-612e-40aa-a337-d674f5ce7fd7}</UniqueIdentifier>
    </Filter>
    <Filter Include="_3_Reconstruction">
      <UniqueIdentifier>{677750ce-946f-4dbf-859d-ad3460097f47}</UniqueIdentifier>
    </Filter>
    <Filter Include="__Header Files">
      <UniqueIdentifier>{91cb3114-1b37-457b-bc1b-3b25f42b0704}</UniqueIdentifier>
    </Filter>
    <Filter Include="__ophSig">
      <UniqueIdentifier>{a370331d-05de-4333-972c-e4c85ad64678}</UniqueIdentifier>
    </Filter>
    <Filter Include="__Add Files">
      <UniqueIdentifier>{3e0ab729-d2b2-494a-a4de-33f1fed9a9e4}</UniqueIdentifier>
    </Filter>
  </ItemGroup>
  <ItemGroup>
    <ClCompile Include="src\ophSig.cpp">
      <Filter>__ophSig</Filter>
    </ClCompile>
    <ClCompile Include="src\tinyxml2.cpp" />
  </ItemGroup>
  <ItemGroup>
    <ClInclude Include="src\ophSig.h">
      <Filter>__ophSig</Filter>
    </ClInclude>
    <ClInclude Include="src\tinyxml2.h" />
  </ItemGroup>
</Project>