<?xml version="1.0" encoding="utf-8"?>
<Project ToolsVersion="4.0" xmlns="http://schemas.microsoft.com/developer/msbuild/2003">
  <ItemGroup>
    <Filter Include="소스 파일">
      <UniqueIdentifier>{4FC737F1-C7A5-4376-A066-2A32D752A2FF}</UniqueIdentifier>
      <Extensions>cpp;c;cc;cxx;c++;def;odl;idl;hpj;bat;asm;asmx</Extensions>
    </Filter>
    <Filter Include="헤더 파일">
      <UniqueIdentifier>{93995380-89BD-4b04-88EB-625FBE52EBFB}</UniqueIdentifier>
      <Extensions>h;hh;hpp;hxx;h++;hm;inl;inc;ipp;xsd</Extensions>
    </Filter>
    <Filter Include="리소스 파일">
      <UniqueIdentifier>{67DA6AB6-F800-4c08-8B7A-83BB121AAD01}</UniqueIdentifier>
      <Extensions>rc;ico;cur;bmp;dlg;rc2;rct;bin;rgs;gif;jpg;jpeg;jpe;resx;tiff;tif;png;wav;mfcribbon-ms</Extensions>
    </Filter>
    <Filter Include="소스 파일\__Dialog">
      <UniqueIdentifier>{6eaa946a-4bc5-4ff6-b95b-7eba14911666}</UniqueIdentifier>
    </Filter>
    <Filter Include="헤더 파일\__Dialog">
      <UniqueIdentifier>{5add8920-4cb0-4835-9fbf-277ffe44ea4b}</UniqueIdentifier>
    </Filter>
    <Filter Include="헤더 파일\__Dialog\__Tab">
      <UniqueIdentifier>{db053789-2c8e-43b6-a35b-08905122a9aa}</UniqueIdentifier>
    </Filter>
    <Filter Include="소스 파일\__Dialog\__Tab">
      <UniqueIdentifier>{6d80e2ed-0bff-42d9-8b70-9de4a6bc9d41}</UniqueIdentifier>
    </Filter>
  </ItemGroup>
  <ItemGroup>
    <ClInclude Include="OphSigDEMO.h">
      <Filter>헤더 파일</Filter>
    </ClInclude>
    <ClInclude Include="framework.h">
      <Filter>헤더 파일</Filter>
    </ClInclude>
    <ClInclude Include="targetver.h">
      <Filter>헤더 파일</Filter>
    </ClInclude>
    <ClInclude Include="Resource.h">
      <Filter>헤더 파일</Filter>
    </ClInclude>
    <ClInclude Include="pch.h">
      <Filter>헤더 파일</Filter>
    </ClInclude>
    <ClInclude Include="OphSigDEMODlg.h">
      <Filter>헤더 파일\__Dialog</Filter>
    </ClInclude>
    <ClInclude Include="TabAT.h">
      <Filter>헤더 파일\__Dialog\__Tab</Filter>
    </ClInclude>
    <ClInclude Include="TabCAC.h">
      <Filter>헤더 파일\__Dialog\__Tab</Filter>
    </ClInclude>
    <ClInclude Include="TabHPO.h">
      <Filter>헤더 파일\__Dialog\__Tab</Filter>
    </ClInclude>
    <ClInclude Include="TabOFFA.h">
      <Filter>헤더 파일\__Dialog\__Tab</Filter>
    </ClInclude>
    <ClInclude Include="TabSF.h">
      <Filter>헤더 파일\__Dialog\__Tab</Filter>
    </ClInclude>
    <ClInclude Include="tinyxml2.h">
      <Filter>헤더 파일</Filter>
    </ClInclude>
  </ItemGroup>
  <ItemGroup>
    <ClCompile Include="OphSigDEMO.cpp">
      <Filter>소스 파일</Filter>
    </ClCompile>
    <ClCompile Include="pch.cpp">
      <Filter>소스 파일</Filter>
    </ClCompile>
    <ClCompile Include="TabSF.cpp">
      <Filter>소스 파일\__Dialog\__Tab</Filter>
    </ClCompile>
    <ClCompile Include="TabAT.cpp">
      <Filter>소스 파일\__Dialog\__Tab</Filter>
    </ClCompile>
    <ClCompile Include="TabCAC.cpp">
      <Filter>소스 파일\__Dialog\__Tab</Filter>
    </ClCompile>
    <ClCompile Include="TabHPO.cpp">
      <Filter>소스 파일\__Dialog\__Tab</Filter>
    </ClCompile>
    <ClCompile Include="TabOFFA.cpp">
      <Filter>소스 파일\__Dialog\__Tab</Filter>
    </ClCompile>
    <ClCompile Include="OphSigDEMODlg.cpp">
      <Filter>소스 파일\__Dialog</Filter>
    </ClCompile>
    <ClCompile Include="tinyxml2.cpp">
      <Filter>소스 파일</Filter>
    </ClCompile>
  </ItemGroup>
  <ItemGroup>
    <ResourceCompile Include="OphSigDEMO.rc">
      <Filter>리소스 파일</Filter>
    </ResourceCompile>
  </ItemGroup>
  <ItemGroup>
    <None Include="res\OphSigDEMO.rc2">
      <Filter>리소스 파일</Filter>
    </None>
  </ItemGroup>
  <ItemGroup>
    <Image Include="res\OphSigDEMO.ico">
      <Filter>리소스 파일</Filter>
    </Image>
    <Image Include="res\toolbar1.bmp">
      <Filter>리소스 파일</Filter>
    </Image>
  </ItemGroup>
</Project>