<?xml version="1.0" encoding="utf-8"?>
<Project ToolsVersion="4.0" xmlns="http://schemas.microsoft.com/developer/msbuild/2003">
  <ItemGroup>
    <Filter Include="_1_Generation">
      <UniqueIdentifier>{dfea2ebb-3b19-4387-80e6-7f45263c5f13}</UniqueIdentifier>
    </Filter>
    <Filter Include="_1_Generation\_ophDepthMap">
      <UniqueIdentifier>{39a6e860-534a-4613-bc6b-269e5d1ee8ba}</UniqueIdentifier>
    </Filter>
    <Filter Include="_1_Generation\_ophLF">
      <UniqueIdentifier>{6299f6da-572a-4882-9b26-1b9033ed2127}</UniqueIdentifier>
    </Filter>
    <Filter Include="_1_Generation\_ophPointCloud">
      <UniqueIdentifier>{196d0bdf-ebd2-499d-bf46-71f8abd602d9}</UniqueIdentifier>
    </Filter>
    <Filter Include="__ophGen">
      <UniqueIdentifier>{921179b7-6b62-4fc6-83ab-ff62fa80d57f}</UniqueIdentifier>
    </Filter>
    <Filter Include="_1_Generation\_ophWRP">
      <UniqueIdentifier>{3d94c96f-3c96-4534-9f8d-0933ac2f84a5}</UniqueIdentifier>
    </Filter>
    <Filter Include="_1_Generation\_ophACPAS">
      <UniqueIdentifier>{222b8b48-da8f-4c4a-be26-0c12c43784f3}</UniqueIdentifier>
    </Filter>
    <Filter Include="_1_Generation\_ophPAS">
      <UniqueIdentifier>{e0beee0b-affd-43cb-8369-f48760dc5000}</UniqueIdentifier>
    </Filter>
    <Filter Include="_1_Generation\_ophLUT">
      <UniqueIdentifier>{312a3ecb-f0ce-411f-aec4-782229318ebd}</UniqueIdentifier>
    </Filter>
    <Filter Include="_1_Generation\_ophTriangleMesh">
      <UniqueIdentifier>{f7251fc7-2938-44bb-80cf-9066fa9a62b9}</UniqueIdentifier>
    </Filter>
  </ItemGroup>
  <ItemGroup>
    <ClInclude Include="src\ophGen.h">
      <Filter>__ophGen</Filter>
    </ClInclude>
    <ClInclude Include="src\ophWRP.h">
      <Filter>_1_Generation\_ophWRP</Filter>
    </ClInclude>
    <ClInclude Include="src\tinyxml2.h" />
    <ClInclude Include="src\ophDepthMap.h">
      <Filter>_1_Generation\_ophDepthMap</Filter>
    </ClInclude>
    <ClInclude Include="src\ophPointCloud.h">
      <Filter>_1_Generation\_ophPointCloud</Filter>
    </ClInclude>
    <ClInclude Include="src\ophPointCloud.h">
      <Filter>_1_Generation\_ophPointCloud</Filter>
    </ClInclude>
    <ClInclude Include="src\ophLightField.h">
      <Filter>_1_Generation\_ophLF</Filter>
    </ClInclude>
    <ClInclude Include="src\ophTriMesh.h">
      <Filter>_1_Generation\_ophTriangleMesh</Filter>
    </ClInclude>
    <ClInclude Include="src\ophPointCloud_GPU.h">
      <Filter>_1_Generation\_ophPointCloud</Filter>
    </ClInclude>
    <ClInclude Include="src\ophACPAS.h">
      <Filter>_1_Generation\_ophACPAS</Filter>
    </ClInclude>
    <ClInclude Include="src\ophLUT.h">
      <Filter>_1_Generation\_ophLUT</Filter>
    </ClInclude>
    <ClInclude Include="src\ophPAS.h">
      <Filter>_1_Generation\_ophPAS</Filter>
    </ClInclude>
    <ClInclude Include="src\ophLightField_GPU.h">
      <Filter>_1_Generation\_ophLF</Filter>
    </ClInclude>
    <ClInclude Include="src\ophWRP_GPU.h">
      <Filter>_1_Generation\_ophWRP</Filter>
    </ClInclude>
  </ItemGroup>
  <ItemGroup>
    <ClCompile Include="src\ophDepthMap_GPU.cpp">
      <Filter>_1_Generation\_ophDepthMap</Filter>
    </ClCompile>
    <ClCompile Include="src\ophGen.cpp">
      <Filter>__ophGen</Filter>
    </ClCompile>
    <ClCompile Include="src\ophPointCloud.cpp">
      <Filter>_1_Generation\_ophPointCloud</Filter>
    </ClCompile>
    <ClCompile Include="src\ophWRP.cpp">
      <Filter>_1_Generation\_ophWRP</Filter>
    </ClCompile>
    <ClCompile Include="src\tinyxml2.cpp" />
    <ClCompile Include="src\ophLightField.cpp">
      <Filter>_1_Generation\_ophLF</Filter>
    </ClCompile>
    <ClCompile Include="src\ophDepthMap.cpp">
      <Filter>_1_Generation\_ophDepthMap</Filter>
    </ClCompile>
    <ClCompile Include="src\ophDepthMap_CPU.cpp">
      <Filter>_1_Generation\_ophDepthMap</Filter>
    </ClCompile>
    <ClCompile Include="src\ophTriMesh.cpp">
      <Filter>_1_Generation\_ophTriangleMesh</Filter>
    </ClCompile>
    <ClCompile Include="src\ophPointCloud_GPU.cpp">
      <Filter>_1_Generation\_ophPointCloud</Filter>
    </ClCompile>
    <ClCompile Include="src\ophACPAS.cpp">
      <Filter>_1_Generation\_ophACPAS</Filter>
    </ClCompile>
    <ClCompile Include="src\ophLUT.cpp">
      <Filter>_1_Generation\_ophLUT</Filter>
    </ClCompile>
    <ClCompile Include="src\ophPAS.cpp">
      <Filter>_1_Generation\_ophPAS</Filter>
    </ClCompile>
    <ClCompile Include="src\ophLightField_GPU.cpp">
      <Filter>_1_Generation\_ophLF</Filter>
    </ClCompile>
    <ClCompile Include="src\ophWRP_GPU.cpp">
      <Filter>_1_Generation\_ophWRP</Filter>
    </ClCompile>
  </ItemGroup>
  <ItemGroup>
    <CudaCompile Include="src\ophDMKernel.cu">
      <Filter>_1_Generation\_ophDepthMap</Filter>
    </CudaCompile>
    <CudaCompile Include="src\ophPCKernel.cu">
      <Filter>_1_Generation\_ophPointCloud</Filter>
    </CudaCompile>
    <CudaCompile Include="src\ophLFKernel.cu">
      <Filter>_1_Generation\_ophLF</Filter>
    </CudaCompile>
    <CudaCompile Include="src\ophWRPKernel.cu">
      <Filter>_1_Generation\_ophWRP</Filter>
    </CudaCompile>
  </ItemGroup>
</Project>