<?xml version="1.0" encoding="utf-8"?>
<Project ToolsVersion="4.0" xmlns="http://schemas.microsoft.com/developer/msbuild/2003">
  <ItemGroup>
    <Filter Include="_1_Generation">
      <UniqueIdentifier>{dfea2ebb-3b19-4387-80e6-7f45263c5f13}</UniqueIdentifier>
    </Filter>
    <Filter Include="_2_Display I/O Interface">
      <UniqueIdentifier>{b4902fcf-3bd6-4a0c-920a-ece98a6b66a3}</UniqueIdentifier>
    </Filter>
    <Filter Include="_3_Encoding">
      <UniqueIdentifier>{7aa65a4c-6e83-49fa-9c0d-18893c89147b}</UniqueIdentifier>
    </Filter>
    <Filter Include="_4_WRP">
      <UniqueIdentifier>{3d94c96f-3c96-4534-9f8d-0933ac2f84a5}</UniqueIdentifier>
    </Filter>
    <Filter Include="_1_Generation\_OphDepthMap">
      <UniqueIdentifier>{39a6e860-534a-4613-bc6b-269e5d1ee8ba}</UniqueIdentifier>
    </Filter>
    <Filter Include="_1_Generation\_OphLF">
      <UniqueIdentifier>{6299f6da-572a-4882-9b26-1b9033ed2127}</UniqueIdentifier>
    </Filter>
    <Filter Include="_1_Generation\_OphPointCloud">
      <UniqueIdentifier>{196d0bdf-ebd2-499d-bf46-71f8abd602d9}</UniqueIdentifier>
    </Filter>
    <Filter Include="_1_Generation\_OphTriangle">
      <UniqueIdentifier>{f7251fc7-2938-44bb-80cf-9066fa9a62b9}</UniqueIdentifier>
    </Filter>
    <Filter Include="__Header Files">
      <UniqueIdentifier>{82ea7e39-2225-497c-a698-1e1ce25438d8}</UniqueIdentifier>
    </Filter>
    <Filter Include="__OphGeneration">
      <UniqueIdentifier>{921179b7-6b62-4fc6-83ab-ff62fa80d57f}</UniqueIdentifier>
    </Filter>
  </ItemGroup>
  <ItemGroup>
    <ClInclude Include="src\fftw3.h">
      <Filter>__Header Files</Filter>
    </ClInclude>
    <ClInclude Include="src\OphPointCloud.h">
      <Filter>_1_Generation\_OphPointCloud</Filter>
    </ClInclude>
    <ClInclude Include="src\OphDepthMap.h">
      <Filter>_1_Generation\_OphDepthMap</Filter>
    </ClInclude>
    <ClInclude Include="src\OphGeneration.h">
      <Filter>__OphGeneration</Filter>
    </ClInclude>
  </ItemGroup>
  <ItemGroup>
    <ClCompile Include="src\OphPointCloud.cpp">
      <Filter>_1_Generation\_OphPointCloud</Filter>
    </ClCompile>
    <ClCompile Include="src\OphDepthMap.cpp">
      <Filter>_1_Generation\_OphDepthMap</Filter>
    </ClCompile>
    <ClCompile Include="src\OphDepthMap_CPU.cpp">
      <Filter>_1_Generation\_OphDepthMap</Filter>
    </ClCompile>
    <ClCompile Include="src\OphDepthMap_GPU.cpp">
      <Filter>_1_Generation\_OphDepthMap</Filter>
    </ClCompile>
    <ClCompile Include="src\OphGeneration.cpp">
      <Filter>__OphGeneration</Filter>
    </ClCompile>
  </ItemGroup>
  <ItemGroup>
    <CudaCompile Include="src\OphDMKernel.cu">
      <Filter>_1_Generation\_OphDepthMap</Filter>
    </CudaCompile>
    <CudaCompile Include="src\OphPCKernel.cu">
      <Filter>_1_Generation\_OphPointCloud</Filter>
    </CudaCompile>
  </ItemGroup>
</Project>